{
  "name": "FlexForms",
  "lockfileVersion": 3,
  "requires": true,
  "packages": {
    "": {
      "dependencies": {
        "@tiptap/extension-color": "^2.12.0",
        "@tiptap/extension-font-family": "^2.12.0",
        "@tiptap/extension-font-size": "^3.0.0-next.3",
        "@tiptap/extension-highlight": "^2.12.0",
        "@tiptap/extension-link": "^2.12.0",
        "@tiptap/extension-text-align": "^2.12.0",
        "@tiptap/extension-text-style": "^2.12.0",
        "@tiptap/extension-underline": "^2.12.0"
      }
    },
    "node_modules/@tiptap/extension-color": {
      "version": "2.12.0",
      "resolved": "https://registry.npmjs.org/@tiptap/extension-color/-/extension-color-2.12.0.tgz",
      "integrity": "sha512-tb3KDhH2Hf3Pwm7pIEH80TKBOLmHU+T/0seR3R+6flamPC7t9S4mcehDX35qvTQTqDU9v429Rw5SL40FRW7AMg==",
      "funding": {
        "type": "github",
        "url": "https://github.com/sponsors/ueberdosis"
      },
      "peerDependencies": {
        "@tiptap/core": "^2.7.0",
        "@tiptap/extension-text-style": "^2.7.0"
      }
    },
    "node_modules/@tiptap/extension-font-family": {
      "version": "2.12.0",
      "resolved": "https://registry.npmjs.org/@tiptap/extension-font-family/-/extension-font-family-2.12.0.tgz",
      "integrity": "sha512-jkTc2wQzqzEfJDF1F3fQrxoW/y+Q/YucH2TWwlf9HFKRi2aa7zorfaCZTLo64gN7d+Ho0gbK/IjIkQNvLsURMA==",
      "funding": {
        "type": "github",
        "url": "https://github.com/sponsors/ueberdosis"
      },
      "peerDependencies": {
        "@tiptap/core": "^2.7.0",
        "@tiptap/extension-text-style": "^2.7.0"
      }
    },
    "node_modules/@tiptap/extension-font-size": {
      "version": "3.0.0-next.3",
      "resolved": "https://registry.npmjs.org/@tiptap/extension-font-size/-/extension-font-size-3.0.0-next.3.tgz",
      "integrity": "sha512-JmmrCboLvDH4HG1nOAMkiwmeFluliXaeEh5+RDxOofuzxsHjSYVJpNP846eLtMnjkUAxjvh7tBz7GTjATm3OuQ==",
      "funding": {
        "type": "github",
        "url": "https://github.com/sponsors/ueberdosis"
      },
      "peerDependencies": {
        "@tiptap/core": "^3.0.0-next.3",
        "@tiptap/extension-text-style": "^3.0.0-next.3"
      }
    },
    "node_modules/@tiptap/extension-highlight": {
      "version": "2.12.0",
      "resolved": "https://registry.npmjs.org/@tiptap/extension-highlight/-/extension-highlight-2.12.0.tgz",
      "integrity": "sha512-dQNaDXslN9ion0NgVVOOKJNS3MP8Lnx9xT01mDa/R9Qdulh7xmK6n8O2GCb86TnjX1OyZURx+fEK/WLM8oKK+A==",
      "funding": {
        "type": "github",
        "url": "https://github.com/sponsors/ueberdosis"
      },
      "peerDependencies": {
        "@tiptap/core": "^2.7.0"
      }
    },
    "node_modules/@tiptap/extension-link": {
      "version": "2.12.0",
      "resolved": "https://registry.npmjs.org/@tiptap/extension-link/-/extension-link-2.12.0.tgz",
      "integrity": "sha512-N6f78F2onvcL8FAwFOJexOF02UwGETLjQ7cCguhBe/w7vtx7aX8/f+IlaSGY/pIcWyEQpoC28ciM0+QsrJRr1A==",
      "dependencies": {
        "linkifyjs": "^4.2.0"
      },
      "funding": {
        "type": "github",
        "url": "https://github.com/sponsors/ueberdosis"
      },
      "peerDependencies": {
        "@tiptap/core": "^2.7.0",
        "@tiptap/pm": "^2.7.0"
      }
    },
    "node_modules/@tiptap/extension-text-align": {
      "version": "2.12.0",
      "resolved": "https://registry.npmjs.org/@tiptap/extension-text-align/-/extension-text-align-2.12.0.tgz",
      "integrity": "sha512-ntGjHFPrb9iQ+QGVUr6U53/wcWI/qaAwDyApW7F7GcTpQbmimwUqvUHti1RsSh9nTrQmZD6g8SdRbIR/Y31gOw==",
      "funding": {
        "type": "github",
        "url": "https://github.com/sponsors/ueberdosis"
      },
      "peerDependencies": {
        "@tiptap/core": "^2.7.0"
      }
    },
    "node_modules/@tiptap/extension-text-style": {
      "version": "2.12.0",
      "resolved": "https://registry.npmjs.org/@tiptap/extension-text-style/-/extension-text-style-2.12.0.tgz",
      "integrity": "sha512-Pxwt23ZlvbQUahV0PvHy8Ej6IAuKR1FvHobUvwP3T8AiY7hob66fWRe7tQbESzSAzm5Vv2xkvyHeU8vekMTezA==",
      "funding": {
        "type": "github",
        "url": "https://github.com/sponsors/ueberdosis"
      },
      "peerDependencies": {
        "@tiptap/core": "^2.7.0"
      }
    },
    "node_modules/@tiptap/extension-underline": {
      "version": "2.12.0",
      "resolved": "https://registry.npmjs.org/@tiptap/extension-underline/-/extension-underline-2.12.0.tgz",
      "integrity": "sha512-u95lrUCesw1SN3BXY4xrgfSuxtoCYmJ9uaU7IVVOu0zVsDFtLlOa82kd63KVF+URL0kMdO+FBmvdS6d8Era70Q==",
      "funding": {
        "type": "github",
        "url": "https://github.com/sponsors/ueberdosis"
      },
      "peerDependencies": {
        "@tiptap/core": "^2.7.0"
      }
    },
    "node_modules/linkifyjs": {
      "version": "4.3.1",
      "resolved": "https://registry.npmjs.org/linkifyjs/-/linkifyjs-4.3.1.tgz",
      "integrity": "sha512-DRSlB9DKVW04c4SUdGvKK5FR6be45lTU9M76JnngqPeeGDqPwYc0zdUErtsNVMtxPXgUWV4HbXbnC4sNyBxkYg=="
    }
  }
}
